
Microsoft Visual Studio Solution File, Format Version 12.00
# Visual Studio Version 17
VisualStudioVersion = 17.0.31903.59
MinimumVisualStudioVersion = 10.0.40219.1
Project("{2150E333-8FDC-42A3-9474-1A3956D46DE8}") = "src", "src", "{827E0CD3-B72D-47B6-A68D-7590B98EB39B}"
EndProject
Project("{FAE04EC0-301F-11D3-BF4B-00C04F79EFBC}") = "AshaBridge.Api", "src\AshaBridge.Api\AshaBridge.Api.csproj", "{C5267C0F-798F-4190-B7BE-83EF7668FB06}"
EndProject
Project("{FAE04EC0-301F-11D3-BF4B-00C04F79EFBC}") = "AshaBridge.AspNetCore", "src\AshaBridge.AspNetCore\AshaBridge.AspNetCore.csproj", "{F50F7486-E610-463E-A44B-9D671CD6D3B4}"
EndProject
Project("{FAE04EC0-301F-11D3-BF4B-00C04F79EFBC}") = "AshaBridge.Sdk", "src\AshaBridge.Sdk\AshaBridge.Sdk.csproj", "{C5B2E6B2-EC23-439C-AC46-4909E1DBA28E}"
EndProject
Project("{FAE04EC0-301F-11D3-BF4B-00C04F79EFBC}") = "AshaBridge.Core", "src\AshaBridge.Core\AshaBridge.Core.csproj", "{0BE41FE8-F999-483E-A1DD-0B8369574BA1}"
EndProject
Project("{FAE04EC0-301F-11D3-BF4B-00C04F79EFBC}") = "AshaBridge.Caching", "src\AshaBridge.Caching\AshaBridge.Caching.csproj", "{EDF6E05C-5DF0-4958-9726-98A910ACDC47}"
EndProject
Project("{FAE04EC0-301F-11D3-BF4B-00C04F79EFBC}") = "AshaBridge.PluginHost", "src\AshaBridge.PluginHost\AshaBridge.PluginHost.csproj", "{47134E3E-6B54-4014-BDFA-4BDA0710110D}"
EndProject
Project("{FAE04EC0-301F-11D3-BF4B-00C04F79EFBC}") = "AshaBridge.Persistence", "src\AshaBridge.Persistence\AshaBridge.Persistence.csproj", "{89434249-A9E7-46FF-8A58-BE3514FB9A84}"
EndProject
Project("{FAE04EC0-301F-11D3-BF4B-00C04F79EFBC}") = "AshaBridge.Extensions.Bitrix24", "src\AshaBridge.Extensions.Bitrix24\AshaBridge.Extensions.Bitrix24.csproj", "{34CFDBF6-B6B8-4230-9D65-3179C9DDA31B}"
EndProject
Project("{FAE04EC0-301F-11D3-BF4B-00C04F79EFBC}") = "AshaBridge.Extensions.Moodle", "src\AshaBridge.Extensions.Moodle\AshaBridge.Extensions.Moodle.csproj", "{12463158-5703-4BE8-9397-654C6DB64DF5}"
EndProject
Project("{2150E333-8FDC-42A3-9474-1A3956D46DE8}") = "tests", "tests", "{0AB3BF05-4346-4AA6-1389-037BE0695223}"
EndProject
Project("{FAE04EC0-301F-11D3-BF4B-00C04F79EFBC}") = "AshaBridge.IntegrationTests", "tests\AshaBridge.IntegrationTests\AshaBridge.IntegrationTests.csproj", "{2947AE47-8F5E-44F9-8D7A-0CAD1B5402CB}"
EndProject
Global
	GlobalSection(SolutionConfigurationPlatforms) = preSolution
		Debug|Any CPU = Debug|Any CPU
		Debug|x64 = Debug|x64
		Debug|x86 = Debug|x86
		Release|Any CPU = Release|Any CPU
		Release|x64 = Release|x64
		Release|x86 = Release|x86
	EndGlobalSection
	GlobalSection(ProjectConfigurationPlatforms) = postSolution
		{C5267C0F-798F-4190-B7BE-83EF7668FB06}.Debug|Any CPU.ActiveCfg = Debug|Any CPU
		{C5267C0F-798F-4190-B7BE-83EF7668FB06}.Debug|Any CPU.Build.0 = Debug|Any CPU
		{C5267C0F-798F-4190-B7BE-83EF7668FB06}.Debug|x64.ActiveCfg = Debug|Any CPU
		{C5267C0F-798F-4190-B7BE-83EF7668FB06}.Debug|x64.Build.0 = Debug|Any CPU
		{C5267C0F-798F-4190-B7BE-83EF7668FB06}.Debug|x86.ActiveCfg = Debug|Any CPU
		{C5267C0F-798F-4190-B7BE-83EF7668FB06}.Debug|x86.Build.0 = Debug|Any CPU
		{C5267C0F-798F-4190-B7BE-83EF7668FB06}.Release|Any CPU.ActiveCfg = Release|Any CPU
		{C5267C0F-798F-4190-B7BE-83EF7668FB06}.Release|Any CPU.Build.0 = Release|Any CPU
		{C5267C0F-798F-4190-B7BE-83EF7668FB06}.Release|x64.ActiveCfg = Release|Any CPU
		{C5267C0F-798F-4190-B7BE-83EF7668FB06}.Release|x64.Build.0 = Release|Any CPU
		{C5267C0F-798F-4190-B7BE-83EF7668FB06}.Release|x86.ActiveCfg = Release|Any CPU
		{C5267C0F-798F-4190-B7BE-83EF7668FB06}.Release|x86.Build.0 = Release|Any CPU
		{F50F7486-E610-463E-A44B-9D671CD6D3B4}.Debug|Any CPU.ActiveCfg = Debug|Any CPU
		{F50F7486-E610-463E-A44B-9D671CD6D3B4}.Debug|Any CPU.Build.0 = Debug|Any CPU
		{F50F7486-E610-463E-A44B-9D671CD6D3B4}.Debug|x64.ActiveCfg = Debug|Any CPU
		{F50F7486-E610-463E-A44B-9D671CD6D3B4}.Debug|x64.Build.0 = Debug|Any CPU
		{F50F7486-E610-463E-A44B-9D671CD6D3B4}.Debug|x86.ActiveCfg = Debug|Any CPU
		{F50F7486-E610-463E-A44B-9D671CD6D3B4}.Debug|x86.Build.0 = Debug|Any CPU
		{F50F7486-E610-463E-A44B-9D671CD6D3B4}.Release|Any CPU.ActiveCfg = Release|Any CPU
		{F50F7486-E610-463E-A44B-9D671CD6D3B4}.Release|Any CPU.Build.0 = Release|Any CPU
		{F50F7486-E610-463E-A44B-9D671CD6D3B4}.Release|x64.ActiveCfg = Release|Any CPU
		{F50F7486-E610-463E-A44B-9D671CD6D3B4}.Release|x64.Build.0 = Release|Any CPU
		{F50F7486-E610-463E-A44B-9D671CD6D3B4}.Release|x86.ActiveCfg = Release|Any CPU
		{F50F7486-E610-463E-A44B-9D671CD6D3B4}.Release|x86.Build.0 = Release|Any CPU
		{C5B2E6B2-EC23-439C-AC46-4909E1DBA28E}.Debug|Any CPU.ActiveCfg = Debug|Any CPU
		{C5B2E6B2-EC23-439C-AC46-4909E1DBA28E}.Debug|Any CPU.Build.0 = Debug|Any CPU
		{C5B2E6B2-EC23-439C-AC46-4909E1DBA28E}.Debug|x64.ActiveCfg = Debug|Any CPU
		{C5B2E6B2-EC23-439C-AC46-4909E1DBA28E}.Debug|x64.Build.0 = Debug|Any CPU
		{C5B2E6B2-EC23-439C-AC46-4909E1DBA28E}.Debug|x86.ActiveCfg = Debug|Any CPU
		{C5B2E6B2-EC23-439C-AC46-4909E1DBA28E}.Debug|x86.Build.0 = Debug|Any CPU
		{C5B2E6B2-EC23-439C-AC46-4909E1DBA28E}.Release|Any CPU.ActiveCfg = Release|Any CPU
		{C5B2E6B2-EC23-439C-AC46-4909E1DBA28E}.Release|Any CPU.Build.0 = Release|Any CPU
		{C5B2E6B2-EC23-439C-AC46-4909E1DBA28E}.Release|x64.ActiveCfg = Release|Any CPU
		{C5B2E6B2-EC23-439C-AC46-4909E1DBA28E}.Release|x64.Build.0 = Release|Any CPU
		{C5B2E6B2-EC23-439C-AC46-4909E1DBA28E}.Release|x86.ActiveCfg = Release|Any CPU
		{C5B2E6B2-EC23-439C-AC46-4909E1DBA28E}.Release|x86.Build.0 = Release|Any CPU
		{0BE41FE8-F999-483E-A1DD-0B8369574BA1}.Debug|Any CPU.ActiveCfg = Debug|Any CPU
		{0BE41FE8-F999-483E-A1DD-0B8369574BA1}.Debug|Any CPU.Build.0 = Debug|Any CPU
		{0BE41FE8-F999-483E-A1DD-0B8369574BA1}.Debug|x64.ActiveCfg = Debug|Any CPU
		{0BE41FE8-F999-483E-A1DD-0B8369574BA1}.Debug|x64.Build.0 = Debug|Any CPU
		{0BE41FE8-F999-483E-A1DD-0B8369574BA1}.Debug|x86.ActiveCfg = Debug|Any CPU
		{0BE41FE8-F999-483E-A1DD-0B8369574BA1}.Debug|x86.Build.0 = Debug|Any CPU
		{0BE41FE8-F999-483E-A1DD-0B8369574BA1}.Release|Any CPU.ActiveCfg = Release|Any CPU
		{0BE41FE8-F999-483E-A1DD-0B8369574BA1}.Release|Any CPU.Build.0 = Release|Any CPU
		{0BE41FE8-F999-483E-A1DD-0B8369574BA1}.Release|x64.ActiveCfg = Release|Any CPU
		{0BE41FE8-F999-483E-A1DD-0B8369574BA1}.Release|x64.Build.0 = Release|Any CPU
		{0BE41FE8-F999-483E-A1DD-0B8369574BA1}.Release|x86.ActiveCfg = Release|Any CPU
		{0BE41FE8-F999-483E-A1DD-0B8369574BA1}.Release|x86.Build.0 = Release|Any CPU
		{EDF6E05C-5DF0-4958-9726-98A910ACDC47}.Debug|Any CPU.ActiveCfg = Debug|Any CPU
		{EDF6E05C-5DF0-4958-9726-98A910ACDC47}.Debug|Any CPU.Build.0 = Debug|Any CPU
		{EDF6E05C-5DF0-4958-9726-98A910ACDC47}.Debug|x64.ActiveCfg = Debug|Any CPU
		{EDF6E05C-5DF0-4958-9726-98A910ACDC47}.Debug|x64.Build.0 = Debug|Any CPU
		{EDF6E05C-5DF0-4958-9726-98A910ACDC47}.Debug|x86.ActiveCfg = Debug|Any CPU
		{EDF6E05C-5DF0-4958-9726-98A910ACDC47}.Debug|x86.Build.0 = Debug|Any CPU
		{EDF6E05C-5DF0-4958-9726-98A910ACDC47}.Release|Any CPU.ActiveCfg = Release|Any CPU
		{EDF6E05C-5DF0-4958-9726-98A910ACDC47}.Release|Any CPU.Build.0 = Release|Any CPU
		{EDF6E05C-5DF0-4958-9726-98A910ACDC47}.Release|x64.ActiveCfg = Release|Any CPU
		{EDF6E05C-5DF0-4958-9726-98A910ACDC47}.Release|x64.Build.0 = Release|Any CPU
		{EDF6E05C-5DF0-4958-9726-98A910ACDC47}.Release|x86.ActiveCfg = Release|Any CPU
		{EDF6E05C-5DF0-4958-9726-98A910ACDC47}.Release|x86.Build.0 = Release|Any CPU
		{47134E3E-6B54-4014-BDFA-4BDA0710110D}.Debug|Any CPU.ActiveCfg = Debug|Any CPU
		{47134E3E-6B54-4014-BDFA-4BDA0710110D}.Debug|Any CPU.Build.0 = Debug|Any CPU
		{47134E3E-6B54-4014-BDFA-4BDA0710110D}.Debug|x64.ActiveCfg = Debug|Any CPU
		{47134E3E-6B54-4014-BDFA-4BDA0710110D}.Debug|x64.Build.0 = Debug|Any CPU
		{47134E3E-6B54-4014-BDFA-4BDA0710110D}.Debug|x86.ActiveCfg = Debug|Any CPU
		{47134E3E-6B54-4014-BDFA-4BDA0710110D}.Debug|x86.Build.0 = Debug|Any CPU
		{47134E3E-6B54-4014-BDFA-4BDA0710110D}.Release|Any CPU.ActiveCfg = Release|Any CPU
		{47134E3E-6B54-4014-BDFA-4BDA0710110D}.Release|Any CPU.Build.0 = Release|Any CPU
		{47134E3E-6B54-4014-BDFA-4BDA0710110D}.Release|x64.ActiveCfg = Release|Any CPU
		{47134E3E-6B54-4014-BDFA-4BDA0710110D}.Release|x64.Build.0 = Release|Any CPU
		{47134E3E-6B54-4014-BDFA-4BDA0710110D}.Release|x86.ActiveCfg = Release|Any CPU
		{47134E3E-6B54-4014-BDFA-4BDA0710110D}.Release|x86.Build.0 = Release|Any CPU
		{89434249-A9E7-46FF-8A58-BE3514FB9A84}.Debug|Any CPU.ActiveCfg = Debug|Any CPU
		{89434249-A9E7-46FF-8A58-BE3514FB9A84}.Debug|Any CPU.Build.0 = Debug|Any CPU
		{89434249-A9E7-46FF-8A58-BE3514FB9A84}.Debug|x64.ActiveCfg = Debug|Any CPU
		{89434249-A9E7-46FF-8A58-BE3514FB9A84}.Debug|x64.Build.0 = Debug|Any CPU
		{89434249-A9E7-46FF-8A58-BE3514FB9A84}.Debug|x86.ActiveCfg = Debug|Any CPU
		{89434249-A9E7-46FF-8A58-BE3514FB9A84}.Debug|x86.Build.0 = Debug|Any CPU
		{89434249-A9E7-46FF-8A58-BE3514FB9A84}.Release|Any CPU.ActiveCfg = Release|Any CPU
		{89434249-A9E7-46FF-8A58-BE3514FB9A84}.Release|Any CPU.Build.0 = Release|Any CPU
		{89434249-A9E7-46FF-8A58-BE3514FB9A84}.Release|x64.ActiveCfg = Release|Any CPU
		{89434249-A9E7-46FF-8A58-BE3514FB9A84}.Release|x64.Build.0 = Release|Any CPU
		{89434249-A9E7-46FF-8A58-BE3514FB9A84}.Release|x86.ActiveCfg = Release|Any CPU
		{89434249-A9E7-46FF-8A58-BE3514FB9A84}.Release|x86.Build.0 = Release|Any CPU
		{34CFDBF6-B6B8-4230-9D65-3179C9DDA31B}.Debug|Any CPU.ActiveCfg = Debug|Any CPU
		{34CFDBF6-B6B8-4230-9D65-3179C9DDA31B}.Debug|Any CPU.Build.0 = Debug|Any CPU
		{34CFDBF6-B6B8-4230-9D65-3179C9DDA31B}.Debug|x64.ActiveCfg = Debug|Any CPU
		{34CFDBF6-B6B8-4230-9D65-3179C9DDA31B}.Debug|x64.Build.0 = Debug|Any CPU
		{34CFDBF6-B6B8-4230-9D65-3179C9DDA31B}.Debug|x86.ActiveCfg = Debug|Any CPU
		{34CFDBF6-B6B8-4230-9D65-3179C9DDA31B}.Debug|x86.Build.0 = Debug|Any CPU
		{34CFDBF6-B6B8-4230-9D65-3179C9DDA31B}.Release|Any CPU.ActiveCfg = Release|Any CPU
		{34CFDBF6-B6B8-4230-9D65-3179C9DDA31B}.Release|Any CPU.Build.0 = Release|Any CPU
		{34CFDBF6-B6B8-4230-9D65-3179C9DDA31B}.Release|x64.ActiveCfg = Release|Any CPU
		{34CFDBF6-B6B8-4230-9D65-3179C9DDA31B}.Release|x64.Build.0 = Release|Any CPU
		{34CFDBF6-B6B8-4230-9D65-3179C9DDA31B}.Release|x86.ActiveCfg = Release|Any CPU
		{34CFDBF6-B6B8-4230-9D65-3179C9DDA31B}.Release|x86.Build.0 = Release|Any CPU
		{12463158-5703-4BE8-9397-654C6DB64DF5}.Debug|Any CPU.ActiveCfg = Debug|Any CPU
		{12463158-5703-4BE8-9397-654C6DB64DF5}.Debug|Any CPU.Build.0 = Debug|Any CPU
		{12463158-5703-4BE8-9397-654C6DB64DF5}.Debug|x64.ActiveCfg = Debug|Any CPU
		{12463158-5703-4BE8-9397-654C6DB64DF5}.Debug|x64.Build.0 = Debug|Any CPU
		{12463158-5703-4BE8-9397-654C6DB64DF5}.Debug|x86.ActiveCfg = Debug|Any CPU
		{12463158-5703-4BE8-9397-654C6DB64DF5}.Debug|x86.Build.0 = Debug|Any CPU
		{12463158-5703-4BE8-9397-654C6DB64DF5}.Release|Any CPU.ActiveCfg = Release|Any CPU
		{12463158-5703-4BE8-9397-654C6DB64DF5}.Release|Any CPU.Build.0 = Release|Any CPU
		{12463158-5703-4BE8-9397-654C6DB64DF5}.Release|x64.ActiveCfg = Release|Any CPU
		{12463158-5703-4BE8-9397-654C6DB64DF5}.Release|x64.Build.0 = Release|Any CPU
		{12463158-5703-4BE8-9397-654C6DB64DF5}.Release|x86.ActiveCfg = Release|Any CPU
		{12463158-5703-4BE8-9397-654C6DB64DF5}.Release|x86.Build.0 = Release|Any CPU
		{2947AE47-8F5E-44F9-8D7A-0CAD1B5402CB}.Debug|Any CPU.ActiveCfg = Debug|Any CPU
		{2947AE47-8F5E-44F9-8D7A-0CAD1B5402CB}.Debug|Any CPU.Build.0 = Debug|Any CPU
		{2947AE47-8F5E-44F9-8D7A-0CAD1B5402CB}.Debug|x64.ActiveCfg = Debug|Any CPU
		{2947AE47-8F5E-44F9-8D7A-0CAD1B5402CB}.Debug|x64.Build.0 = Debug|Any CPU
		{2947AE47-8F5E-44F9-8D7A-0CAD1B5402CB}.Debug|x86.ActiveCfg = Debug|Any CPU
		{2947AE47-8F5E-44F9-8D7A-0CAD1B5402CB}.Debug|x86.Build.0 = Debug|Any CPU
		{2947AE47-8F5E-44F9-8D7A-0CAD1B5402CB}.Release|Any CPU.ActiveCfg = Release|Any CPU
		{2947AE47-8F5E-44F9-8D7A-0CAD1B5402CB}.Release|Any CPU.Build.0 = Release|Any CPU
		{2947AE47-8F5E-44F9-8D7A-0CAD1B5402CB}.Release|x64.ActiveCfg = Release|Any CPU
		{2947AE47-8F5E-44F9-8D7A-0CAD1B5402CB}.Release|x64.Build.0 = Release|Any CPU
		{2947AE47-8F5E-44F9-8D7A-0CAD1B5402CB}.Release|x86.ActiveCfg = Release|Any CPU
		{2947AE47-8F5E-44F9-8D7A-0CAD1B5402CB}.Release|x86.Build.0 = Release|Any CPU
	EndGlobalSection
	GlobalSection(SolutionProperties) = preSolution
		HideSolutionNode = FALSE
	EndGlobalSection
	GlobalSection(NestedProjects) = preSolution
		{C5267C0F-798F-4190-B7BE-83EF7668FB06} = {827E0CD3-B72D-47B6-A68D-7590B98EB39B}
		{F50F7486-E610-463E-A44B-9D671CD6D3B4} = {827E0CD3-B72D-47B6-A68D-7590B98EB39B}
		{C5B2E6B2-EC23-439C-AC46-4909E1DBA28E} = {827E0CD3-B72D-47B6-A68D-7590B98EB39B}
		{0BE41FE8-F999-483E-A1DD-0B8369574BA1} = {827E0CD3-B72D-47B6-A68D-7590B98EB39B}
		{EDF6E05C-5DF0-4958-9726-98A910ACDC47} = {827E0CD3-B72D-47B6-A68D-7590B98EB39B}
		{47134E3E-6B54-4014-BDFA-4BDA0710110D} = {827E0CD3-B72D-47B6-A68D-7590B98EB39B}
		{89434249-A9E7-46FF-8A58-BE3514FB9A84} = {827E0CD3-B72D-47B6-A68D-7590B98EB39B}
		{34CFDBF6-B6B8-4230-9D65-3179C9DDA31B} = {827E0CD3-B72D-47B6-A68D-7590B98EB39B}
		{12463158-5703-4BE8-9397-654C6DB64DF5} = {827E0CD3-B72D-47B6-A68D-7590B98EB39B}
		{2947AE47-8F5E-44F9-8D7A-0CAD1B5402CB} = {0AB3BF05-4346-4AA6-1389-037BE0695223}
	EndGlobalSection
EndGlobal
